
Microsoft Visual Studio Solution File, Format Version 12.00
# Visual Studio Version 17
VisualStudioVersion = 17.1.32328.378
MinimumVisualStudioVersion = 10.0.40219.1
Project("{9A19103F-16F7-4668-BE54-9A1E7A4F7556}") = "offline", "offline.csproj", "{F2633929-EC96-4CB6-A778-8D0B4AFBEFF7}"
EndProject
Global
	GlobalSection(SolutionConfigurationPlatforms) = preSolution
		Debug|Any CPU = Debug|Any CPU
		Release|Any CPU = Release|Any CPU
	EndGlobalSection
	GlobalSection(ProjectConfigurationPlatforms) = postSolution
		{F2633929-EC96-4CB6-A778-8D0B4AFBEFF7}.Debug|Any CPU.ActiveCfg = Debug|Any CPU
		{F2633929-EC96-4CB6-A778-8D0B4AFBEFF7}.Debug|Any CPU.Build.0 = Debug|Any CPU
		{F2633929-EC96-4CB6-A778-8D0B4AFBEFF7}.Release|Any CPU.ActiveCfg = Release|Any CPU
		{F2633929-EC96-4CB6-A778-8D0B4AFBEFF7}.Release|Any CPU.Build.0 = Release|Any CPU
	EndGlobalSection
	GlobalSection(SolutionProperties) = preSolution
		HideSolutionNode = FALSE
	EndGlobalSection
	GlobalSection(ExtensibilityGlobals) = postSolution
		SolutionGuid = {C4E6ED4A-56B5-47F2-BDC5-EA5C1BA2D738}
	EndGlobalSection
EndGlobal
